
Microsoft Visual Studio Solution File, Format Version 12.00
# Visual Studio 2012
Project("{FAE04EC0-301F-11D3-BF4B-00C04F79EFBC}") = "ListViewApp", "ListViewApp\ListViewApp.csproj", "{1C0E1A98-1141-4B08-9ECB-C7FFFBF5F6B7}"
EndProject
Global
	GlobalSection(SolutionConfigurationPlatforms) = preSolution
		Debug|iPhoneSimulator = Debug|iPhoneSimulator
		Release|iPhone = Release|iPhone
		Release|iPhoneSimulator = Release|iPhoneSimulator
		Debug|iPhone = Debug|iPhone
	EndGlobalSection
	GlobalSection(ProjectConfigurationPlatforms) = postSolution
		{1C0E1A98-1141-4B08-9ECB-C7FFFBF5F6B7}.Debug|iPhoneSimulator.ActiveCfg = Debug|iPhoneSimulator
		{1C0E1A98-1141-4B08-9ECB-C7FFFBF5F6B7}.Debug|iPhoneSimulator.Build.0 = Debug|iPhoneSimulator
		{1C0E1A98-1141-4B08-9ECB-C7FFFBF5F6B7}.Release|iPhone.ActiveCfg = Release|iPhone
		{1C0E1A98-1141-4B08-9ECB-C7FFFBF5F6B7}.Release|iPhone.Build.0 = Release|iPhone
		{1C0E1A98-1141-4B08-9ECB-C7FFFBF5F6B7}.Release|iPhoneSimulator.ActiveCfg = Release|iPhoneSimulator
		{1C0E1A98-1141-4B08-9ECB-C7FFFBF5F6B7}.Release|iPhoneSimulator.Build.0 = Release|iPhoneSimulator
		{1C0E1A98-1141-4B08-9ECB-C7FFFBF5F6B7}.Debug|iPhone.ActiveCfg = Debug|iPhone
		{1C0E1A98-1141-4B08-9ECB-C7FFFBF5F6B7}.Debug|iPhone.Build.0 = Debug|iPhone
	EndGlobalSection
EndGlobal
